// !$*UTF8*$!
{
	archiveVersion = 1;
	classes = {
	};
	objectVersion = 52;
	objects = {

/* Begin PBXBuildFile section */
		0FBE3B126D02773D1E59CC29 /* libPods-ToDO.a in Frameworks */ = {isa = PBXBuildFile; fileRef = DBF3DF7C7AA4D0844EA8A2E1 /* libPods-ToDO.a */; };
		2C053C0723FB158600D85FF5 /* AppDelegate.swift in Sources */ = {isa = PBXBuildFile; fileRef = 2C053C0623FB158600D85FF5 /* AppDelegate.swift */; };
		2C053C0923FB158600D85FF5 /* SceneDelegate.swift in Sources */ = {isa = PBXBuildFile; fileRef = 2C053C0823FB158600D85FF5 /* SceneDelegate.swift */; };
		2C053C0E23FB158600D85FF5 /* Main.storyboard in Resources */ = {isa = PBXBuildFile; fileRef = 2C053C0C23FB158600D85FF5 /* Main.storyboard */; };
		2C053C1023FB158900D85FF5 /* Assets.xcassets in Resources */ = {isa = PBXBuildFile; fileRef = 2C053C0F23FB158900D85FF5 /* Assets.xcassets */; };
		2C053C1323FB158900D85FF5 /* LaunchScreen.storyboard in Resources */ = {isa = PBXBuildFile; fileRef = 2C053C1123FB158900D85FF5 /* LaunchScreen.storyboard */; };
		2C053C1B23FB162C00D85FF5 /* CustomTableViewCell.swift in Sources */ = {isa = PBXBuildFile; fileRef = 2C053C1A23FB162C00D85FF5 /* CustomTableViewCell.swift */; };
		2C539122242BBDD40092FACE /* Constants.swift in Sources */ = {isa = PBXBuildFile; fileRef = 2C539121242BBDD40092FACE /* Constants.swift */; };
		2C539124242D2ADD0092FACE /* LoginViewController.swift in Sources */ = {isa = PBXBuildFile; fileRef = 2C539123242D2ADD0092FACE /* LoginViewController.swift */; };
		2C539127242D2D960092FACE /* SwiftSMTP in Frameworks */ = {isa = PBXBuildFile; productRef = 2C539126242D2D960092FACE /* SwiftSMTP */; };
		2C6BA13723FBFB9500702737 /* Note.swift in Sources */ = {isa = PBXBuildFile; fileRef = 2C6BA13623FBFB9500702737 /* Note.swift */; };
		2C6BA13923FBFBCF00702737 /* StorageManager.swift in Sources */ = {isa = PBXBuildFile; fileRef = 2C6BA13823FBFBCF00702737 /* StorageManager.swift */; };
		2C6ED34623FED9CC002A6A80 /* ScheduleNotification.swift in Sources */ = {isa = PBXBuildFile; fileRef = 2C6ED34523FED9CC002A6A80 /* ScheduleNotification.swift */; };
		2C9A7E9E242930D50066794C /* LaunchViewController.swift in Sources */ = {isa = PBXBuildFile; fileRef = 2C9A7E9D242930D50066794C /* LaunchViewController.swift */; };
		2CCBB075242FDBCD007033D2 /* RoundButton.swift in Sources */ = {isa = PBXBuildFile; fileRef = 2CCBB074242FDBCC007033D2 /* RoundButton.swift */; };
		2CCBB078242FECDB007033D2 /* addnote.png in Resources */ = {isa = PBXBuildFile; fileRef = 2CCBB077242FECDB007033D2 /* addnote.png */; };
		2CCBB07C242FECE5007033D2 /* main.png in Resources */ = {isa = PBXBuildFile; fileRef = 2CCBB079242FECE5007033D2 /* main.png */; };
		2CCBB07D242FECE5007033D2 /* settings.png in Resources */ = {isa = PBXBuildFile; fileRef = 2CCBB07A242FECE5007033D2 /* settings.png */; };
		2CCBB07E242FECE5007033D2 /* login.png in Resources */ = {isa = PBXBuildFile; fileRef = 2CCBB07B242FECE5007033D2 /* login.png */; };
		2CD5A34823FB1D020046DD4E /* EditNoteViewController.swift in Sources */ = {isa = PBXBuildFile; fileRef = 2CD5A34723FB1D020046DD4E /* EditNoteViewController.swift */; };
		2CD5A34A23FB1E0D0046DD4E /* MainScreenViewController.swift in Sources */ = {isa = PBXBuildFile; fileRef = 2CD5A34923FB1E0D0046DD4E /* MainScreenViewController.swift */; };
/* End PBXBuildFile section */

/* Begin PBXFileReference section */
		29FBB9ABD2562775629CA6DE /* Pods-ToDO.release.xcconfig */ = {isa = PBXFileReference; includeInIndex = 1; lastKnownFileType = text.xcconfig; name = "Pods-ToDO.release.xcconfig"; path = "Target Support Files/Pods-ToDO/Pods-ToDO.release.xcconfig"; sourceTree = "<group>"; };
		2C053C0323FB158600D85FF5 /* ToDo.app */ = {isa = PBXFileReference; explicitFileType = wrapper.application; includeInIndex = 0; path = ToDo.app; sourceTree = BUILT_PRODUCTS_DIR; };
		2C053C0623FB158600D85FF5 /* AppDelegate.swift */ = {isa = PBXFileReference; lastKnownFileType = sourcecode.swift; path = AppDelegate.swift; sourceTree = "<group>"; };
		2C053C0823FB158600D85FF5 /* SceneDelegate.swift */ = {isa = PBXFileReference; lastKnownFileType = sourcecode.swift; path = SceneDelegate.swift; sourceTree = "<group>"; };
		2C053C0D23FB158600D85FF5 /* Base */ = {isa = PBXFileReference; lastKnownFileType = file.storyboard; name = Base; path = Base.lproj/Main.storyboard; sourceTree = "<group>"; };
		2C053C0F23FB158900D85FF5 /* Assets.xcassets */ = {isa = PBXFileReference; lastKnownFileType = folder.assetcatalog; path = Assets.xcassets; sourceTree = "<group>"; };
		2C053C1223FB158900D85FF5 /* Base */ = {isa = PBXFileReference; lastKnownFileType = file.storyboard; name = Base; path = Base.lproj/LaunchScreen.storyboard; sourceTree = "<group>"; };
		2C053C1423FB158900D85FF5 /* Info.plist */ = {isa = PBXFileReference; lastKnownFileType = text.plist.xml; path = Info.plist; sourceTree = "<group>"; };
		2C053C1A23FB162C00D85FF5 /* CustomTableViewCell.swift */ = {isa = PBXFileReference; lastKnownFileType = sourcecode.swift; path = CustomTableViewCell.swift; sourceTree = "<group>"; };
		2C539121242BBDD40092FACE /* Constants.swift */ = {isa = PBXFileReference; lastKnownFileType = sourcecode.swift; path = Constants.swift; sourceTree = "<group>"; };
		2C539123242D2ADD0092FACE /* LoginViewController.swift */ = {isa = PBXFileReference; lastKnownFileType = sourcecode.swift; path = LoginViewController.swift; sourceTree = "<group>"; };
		2C6BA13623FBFB9500702737 /* Note.swift */ = {isa = PBXFileReference; lastKnownFileType = sourcecode.swift; path = Note.swift; sourceTree = "<group>"; };
		2C6BA13823FBFBCF00702737 /* StorageManager.swift */ = {isa = PBXFileReference; lastKnownFileType = sourcecode.swift; path = StorageManager.swift; sourceTree = "<group>"; };
		2C6ED34523FED9CC002A6A80 /* ScheduleNotification.swift */ = {isa = PBXFileReference; lastKnownFileType = sourcecode.swift; path = ScheduleNotification.swift; sourceTree = "<group>"; };
		2C9A7E9D242930D50066794C /* LaunchViewController.swift */ = {isa = PBXFileReference; lastKnownFileType = sourcecode.swift; path = LaunchViewController.swift; sourceTree = "<group>"; };
		2C9A7EA32429358D0066794C /* en */ = {isa = PBXFileReference; lastKnownFileType = text.plist.strings; name = en; path = en.lproj/Main.strings; sourceTree = "<group>"; };
		2C9A7EAA2429F3230066794C /* ru */ = {isa = PBXFileReference; lastKnownFileType = text.plist.strings; name = ru; path = ru.lproj/Main.strings; sourceTree = "<group>"; };
		2C9A7EAB2429F43C0066794C /* en */ = {isa = PBXFileReference; lastKnownFileType = text.plist.strings; name = en; path = en.lproj/LaunchScreen.strings; sourceTree = "<group>"; };
		2CCBB074242FDBCC007033D2 /* RoundButton.swift */ = {isa = PBXFileReference; lastKnownFileType = sourcecode.swift; path = RoundButton.swift; sourceTree = "<group>"; };
		2CCBB077242FECDB007033D2 /* addnote.png */ = {isa = PBXFileReference; lastKnownFileType = image.png; path = addnote.png; sourceTree = "<group>"; };
		2CCBB079242FECE5007033D2 /* main.png */ = {isa = PBXFileReference; lastKnownFileType = image.png; path = main.png; sourceTree = "<group>"; };
		2CCBB07A242FECE5007033D2 /* settings.png */ = {isa = PBXFileReference; lastKnownFileType = image.png; path = settings.png; sourceTree = "<group>"; };
		2CCBB07B242FECE5007033D2 /* login.png */ = {isa = PBXFileReference; lastKnownFileType = image.png; path = login.png; sourceTree = "<group>"; };
		2CD5A34723FB1D020046DD4E /* EditNoteViewController.swift */ = {isa = PBXFileReference; lastKnownFileType = sourcecode.swift; path = EditNoteViewController.swift; sourceTree = "<group>"; };
		2CD5A34923FB1E0D0046DD4E /* MainScreenViewController.swift */ = {isa = PBXFileReference; lastKnownFileType = sourcecode.swift; path = MainScreenViewController.swift; sourceTree = "<group>"; usesTabs = 0; };
		35A25BDFBEC0AFB8FCF216DA /* Pods-ToDO.debug.xcconfig */ = {isa = PBXFileReference; includeInIndex = 1; lastKnownFileType = text.xcconfig; name = "Pods-ToDO.debug.xcconfig"; path = "Target Support Files/Pods-ToDO/Pods-ToDO.debug.xcconfig"; sourceTree = "<group>"; };
		DBF3DF7C7AA4D0844EA8A2E1 /* libPods-ToDO.a */ = {isa = PBXFileReference; explicitFileType = archive.ar; includeInIndex = 0; path = "libPods-ToDO.a"; sourceTree = BUILT_PRODUCTS_DIR; };
/* End PBXFileReference section */

/* Begin PBXFrameworksBuildPhase section */
		2C053C0023FB158600D85FF5 /* Frameworks */ = {
			isa = PBXFrameworksBuildPhase;
			buildActionMask = 2147483647;
			files = (
				2C539127242D2D960092FACE /* SwiftSMTP in Frameworks */,
				0FBE3B126D02773D1E59CC29 /* libPods-ToDO.a in Frameworks */,
			);
			runOnlyForDeploymentPostprocessing = 0;
		};
/* End PBXFrameworksBuildPhase section */

/* Begin PBXGroup section */
		2C053BFA23FB158600D85FF5 = {
			isa = PBXGroup;
			children = (
				2C053C0523FB158600D85FF5 /* ToDO */,
				2C053C0423FB158600D85FF5 /* Products */,
				EF557E2307F81DBBDC006C90 /* Pods */,
				A19BC6E663DEF17B5FE81014 /* Frameworks */,
			);
			sourceTree = "<group>";
		};
		2C053C0423FB158600D85FF5 /* Products */ = {
			isa = PBXGroup;
			children = (
				2C053C0323FB158600D85FF5 /* ToDo.app */,
			);
			name = Products;
			sourceTree = "<group>";
		};
		2C053C0523FB158600D85FF5 /* ToDO */ = {
			isa = PBXGroup;
			children = (
				2CCBB076242FEC2D007033D2 /* App images */,
				2CCBB074242FDBCC007033D2 /* RoundButton.swift */,
				2C053C1A23FB162C00D85FF5 /* CustomTableViewCell.swift */,
				2C053C0623FB158600D85FF5 /* AppDelegate.swift */,
				2C6ED34523FED9CC002A6A80 /* ScheduleNotification.swift */,
				2CD5A34B23FB1E300046DD4E /* ViewControllers */,
				2C053C0823FB158600D85FF5 /* SceneDelegate.swift */,
				2C6BA13B23FBFC0500702737 /* Storyboards */,
				2C053C0F23FB158900D85FF5 /* Assets.xcassets */,
				2C053C1423FB158900D85FF5 /* Info.plist */,
				2C6BA13A23FBFBE100702737 /* Models */,
			);
			path = ToDO;
			sourceTree = "<group>";
		};
		2C6BA13A23FBFBE100702737 /* Models */ = {
			isa = PBXGroup;
			children = (
				2C6BA13623FBFB9500702737 /* Note.swift */,
				2C6BA13823FBFBCF00702737 /* StorageManager.swift */,
			);
			path = Models;
			sourceTree = "<group>";
		};
		2C6BA13B23FBFC0500702737 /* Storyboards */ = {
			isa = PBXGroup;
			children = (
				2C053C1123FB158900D85FF5 /* LaunchScreen.storyboard */,
				2C053C0C23FB158600D85FF5 /* Main.storyboard */,
			);
			path = Storyboards;
			sourceTree = "<group>";
		};
		2CCBB076242FEC2D007033D2 /* App images */ = {
			isa = PBXGroup;
			children = (
				2CCBB07B242FECE5007033D2 /* login.png */,
				2CCBB079242FECE5007033D2 /* main.png */,
				2CCBB07A242FECE5007033D2 /* settings.png */,
				2CCBB077242FECDB007033D2 /* addnote.png */,
			);
			path = "App images";
			sourceTree = "<group>";
		};
		2CD5A34B23FB1E300046DD4E /* ViewControllers */ = {
			isa = PBXGroup;
			children = (
				2C539123242D2ADD0092FACE /* LoginViewController.swift */,
				2CD5A34923FB1E0D0046DD4E /* MainScreenViewController.swift */,
				2C539121242BBDD40092FACE /* Constants.swift */,
				2CD5A34723FB1D020046DD4E /* EditNoteViewController.swift */,
				2C9A7E9D242930D50066794C /* LaunchViewController.swift */,
			);
			path = ViewControllers;
			sourceTree = "<group>";
		};
		A19BC6E663DEF17B5FE81014 /* Frameworks */ = {
			isa = PBXGroup;
			children = (
				DBF3DF7C7AA4D0844EA8A2E1 /* libPods-ToDO.a */,
			);
			name = Frameworks;
			sourceTree = "<group>";
		};
		EF557E2307F81DBBDC006C90 /* Pods */ = {
			isa = PBXGroup;
			children = (
				35A25BDFBEC0AFB8FCF216DA /* Pods-ToDO.debug.xcconfig */,
				29FBB9ABD2562775629CA6DE /* Pods-ToDO.release.xcconfig */,
			);
			path = Pods;
			sourceTree = "<group>";
		};
/* End PBXGroup section */

/* Begin PBXNativeTarget section */
		2C053C0223FB158600D85FF5 /* ToDo */ = {
			isa = PBXNativeTarget;
			buildConfigurationList = 2C053C1723FB158900D85FF5 /* Build configuration list for PBXNativeTarget "ToDo" */;
			buildPhases = (
				5D3DE5A34FAE4D4E31536C4E /* [CP] Check Pods Manifest.lock */,
				2C053BFF23FB158600D85FF5 /* Sources */,
				2C053C0023FB158600D85FF5 /* Frameworks */,
				2C053C0123FB158600D85FF5 /* Resources */,
			);
			buildRules = (
			);
			dependencies = (
			);
			name = ToDo;
			packageProductDependencies = (
				2C539126242D2D960092FACE /* SwiftSMTP */,
			);
			productName = ToDO;
			productReference = 2C053C0323FB158600D85FF5 /* ToDo.app */;
			productType = "com.apple.product-type.application";
		};
/* End PBXNativeTarget section */

/* Begin PBXProject section */
		2C053BFB23FB158600D85FF5 /* Project object */ = {
			isa = PBXProject;
			attributes = {
				LastSwiftUpdateCheck = 1130;
				LastUpgradeCheck = 1130;
				ORGANIZATIONNAME = "Ivan Abramov";
				TargetAttributes = {
					2C053C0223FB158600D85FF5 = {
						CreatedOnToolsVersion = 11.3.1;
					};
				};
			};
			buildConfigurationList = 2C053BFE23FB158600D85FF5 /* Build configuration list for PBXProject "ToDo" */;
			compatibilityVersion = "Xcode 9.3";
			developmentRegion = en;
			hasScannedForEncodings = 0;
			knownRegions = (
				en,
				Base,
				ru,
			);
			mainGroup = 2C053BFA23FB158600D85FF5;
			packageReferences = (
				2C539125242D2D960092FACE /* XCRemoteSwiftPackageReference "Swift-SMTP" */,
			);
			productRefGroup = 2C053C0423FB158600D85FF5 /* Products */;
			projectDirPath = "";
			projectRoot = "";
			targets = (
				2C053C0223FB158600D85FF5 /* ToDo */,
			);
		};
/* End PBXProject section */

/* Begin PBXResourcesBuildPhase section */
		2C053C0123FB158600D85FF5 /* Resources */ = {
			isa = PBXResourcesBuildPhase;
			buildActionMask = 2147483647;
			files = (
				2CCBB07D242FECE5007033D2 /* settings.png in Resources */,
				2C053C1323FB158900D85FF5 /* LaunchScreen.storyboard in Resources */,
				2CCBB07C242FECE5007033D2 /* main.png in Resources */,
				2CCBB078242FECDB007033D2 /* addnote.png in Resources */,
				2C053C1023FB158900D85FF5 /* Assets.xcassets in Resources */,
				2C053C0E23FB158600D85FF5 /* Main.storyboard in Resources */,
				2CCBB07E242FECE5007033D2 /* login.png in Resources */,
			);
			runOnlyForDeploymentPostprocessing = 0;
		};
/* End PBXResourcesBuildPhase section */

/* Begin PBXShellScriptBuildPhase section */
		5D3DE5A34FAE4D4E31536C4E /* [CP] Check Pods Manifest.lock */ = {
			isa = PBXShellScriptBuildPhase;
			buildActionMask = 2147483647;
			files = (
			);
			inputFileListPaths = (
			);
			inputPaths = (
				"${PODS_PODFILE_DIR_PATH}/Podfile.lock",
				"${PODS_ROOT}/Manifest.lock",
			);
			name = "[CP] Check Pods Manifest.lock";
			outputFileListPaths = (
			);
			outputPaths = (
				"$(DERIVED_FILE_DIR)/Pods-ToDO-checkManifestLockResult.txt",
			);
			runOnlyForDeploymentPostprocessing = 0;
			shellPath = /bin/sh;
			shellScript = "diff \"${PODS_PODFILE_DIR_PATH}/Podfile.lock\" \"${PODS_ROOT}/Manifest.lock\" > /dev/null\nif [ $? != 0 ] ; then\n    # print error to STDERR\n    echo \"error: The sandbox is not in sync with the Podfile.lock. Run 'pod install' or update your CocoaPods installation.\" >&2\n    exit 1\nfi\n# This output is used by Xcode 'outputs' to avoid re-running this script phase.\necho \"SUCCESS\" > \"${SCRIPT_OUTPUT_FILE_0}\"\n";
			showEnvVarsInLog = 0;
		};
/* End PBXShellScriptBuildPhase section */

/* Begin PBXSourcesBuildPhase section */
		2C053BFF23FB158600D85FF5 /* Sources */ = {
			isa = PBXSourcesBuildPhase;
			buildActionMask = 2147483647;
			files = (
				2CCBB075242FDBCD007033D2 /* RoundButton.swift in Sources */,
				2C053C0723FB158600D85FF5 /* AppDelegate.swift in Sources */,
				2C6ED34623FED9CC002A6A80 /* ScheduleNotification.swift in Sources */,
				2C053C1B23FB162C00D85FF5 /* CustomTableViewCell.swift in Sources */,
				2CD5A34823FB1D020046DD4E /* EditNoteViewController.swift in Sources */,
				2C6BA13923FBFBCF00702737 /* StorageManager.swift in Sources */,
				2C539122242BBDD40092FACE /* Constants.swift in Sources */,
				2C053C0923FB158600D85FF5 /* SceneDelegate.swift in Sources */,
				2CD5A34A23FB1E0D0046DD4E /* MainScreenViewController.swift in Sources */,
				2C9A7E9E242930D50066794C /* LaunchViewController.swift in Sources */,
				2C6BA13723FBFB9500702737 /* Note.swift in Sources */,
				2C539124242D2ADD0092FACE /* LoginViewController.swift in Sources */,
			);
			runOnlyForDeploymentPostprocessing = 0;
		};
/* End PBXSourcesBuildPhase section */

/* Begin PBXVariantGroup section */
		2C053C0C23FB158600D85FF5 /* Main.storyboard */ = {
			isa = PBXVariantGroup;
			children = (
				2C053C0D23FB158600D85FF5 /* Base */,
				2C9A7EA32429358D0066794C /* en */,
				2C9A7EAA2429F3230066794C /* ru */,
			);
			name = Main.storyboard;
			sourceTree = "<group>";
		};
		2C053C1123FB158900D85FF5 /* LaunchScreen.storyboard */ = {
			isa = PBXVariantGroup;
			children = (
				2C053C1223FB158900D85FF5 /* Base */,
				2C9A7EAB2429F43C0066794C /* en */,
			);
			name = LaunchScreen.storyboard;
			sourceTree = "<group>";
		};
/* End PBXVariantGroup section */

/* Begin XCBuildConfiguration section */
		2C053C1523FB158900D85FF5 /* Debug */ = {
			isa = XCBuildConfiguration;
			buildSettings = {
				ALWAYS_SEARCH_USER_PATHS = NO;
				CLANG_ANALYZER_LOCALIZABILITY_NONLOCALIZED = YES;
				CLANG_ANALYZER_NONNULL = YES;
				CLANG_ANALYZER_NUMBER_OBJECT_CONVERSION = YES_AGGRESSIVE;
				CLANG_CXX_LANGUAGE_STANDARD = "gnu++14";
				CLANG_CXX_LIBRARY = "libc++";
				CLANG_ENABLE_MODULES = YES;
				CLANG_ENABLE_OBJC_ARC = YES;
				CLANG_ENABLE_OBJC_WEAK = YES;
				CLANG_WARN_BLOCK_CAPTURE_AUTORELEASING = YES;
				CLANG_WARN_BOOL_CONVERSION = YES;
				CLANG_WARN_COMMA = YES;
				CLANG_WARN_CONSTANT_CONVERSION = YES;
				CLANG_WARN_DEPRECATED_OBJC_IMPLEMENTATIONS = YES;
				CLANG_WARN_DIRECT_OBJC_ISA_USAGE = YES_ERROR;
				CLANG_WARN_DOCUMENTATION_COMMENTS = YES;
				CLANG_WARN_EMPTY_BODY = YES;
				CLANG_WARN_ENUM_CONVERSION = YES;
				CLANG_WARN_INFINITE_RECURSION = YES;
				CLANG_WARN_INT_CONVERSION = YES;
				CLANG_WARN_NON_LITERAL_NULL_CONVERSION = YES;
				CLANG_WARN_OBJC_IMPLICIT_RETAIN_SELF = YES;
				CLANG_WARN_OBJC_LITERAL_CONVERSION = YES;
				CLANG_WARN_OBJC_ROOT_CLASS = YES_ERROR;
				CLANG_WARN_RANGE_LOOP_ANALYSIS = YES;
				CLANG_WARN_STRICT_PROTOTYPES = YES;
				CLANG_WARN_SUSPICIOUS_MOVE = YES;
				CLANG_WARN_UNGUARDED_AVAILABILITY = YES_AGGRESSIVE;
				CLANG_WARN_UNREACHABLE_CODE = YES;
				CLANG_WARN__DUPLICATE_METHOD_MATCH = YES;
				COPY_PHASE_STRIP = NO;
				DEBUG_INFORMATION_FORMAT = dwarf;
				ENABLE_STRICT_OBJC_MSGSEND = YES;
				ENABLE_TESTABILITY = YES;
				GCC_C_LANGUAGE_STANDARD = gnu11;
				GCC_DYNAMIC_NO_PIC = NO;
				GCC_NO_COMMON_BLOCKS = YES;
				GCC_OPTIMIZATION_LEVEL = 0;
				GCC_PREPROCESSOR_DEFINITIONS = (
					"DEBUG=1",
					"$(inherited)",
				);
				GCC_WARN_64_TO_32_BIT_CONVERSION = YES;
				GCC_WARN_ABOUT_RETURN_TYPE = YES_ERROR;
				GCC_WARN_UNDECLARED_SELECTOR = YES;
				GCC_WARN_UNINITIALIZED_AUTOS = YES_AGGRESSIVE;
				GCC_WARN_UNUSED_FUNCTION = YES;
				GCC_WARN_UNUSED_VARIABLE = YES;
				IPHONEOS_DEPLOYMENT_TARGET = 13.1;
				MTL_ENABLE_DEBUG_INFO = INCLUDE_SOURCE;
				MTL_FAST_MATH = YES;
				ONLY_ACTIVE_ARCH = YES;
				SDKROOT = iphoneos;
				SWIFT_ACTIVE_COMPILATION_CONDITIONS = DEBUG;
				SWIFT_OPTIMIZATION_LEVEL = "-Onone";
			};
			name = Debug;
		};
		2C053C1623FB158900D85FF5 /* Release */ = {
			isa = XCBuildConfiguration;
			buildSettings = {
				ALWAYS_SEARCH_USER_PATHS = NO;
				CLANG_ANALYZER_LOCALIZABILITY_NONLOCALIZED = YES;
				CLANG_ANALYZER_NONNULL = YES;
				CLANG_ANALYZER_NUMBER_OBJECT_CONVERSION = YES_AGGRESSIVE;
				CLANG_CXX_LANGUAGE_STANDARD = "gnu++14";
				CLANG_CXX_LIBRARY = "libc++";
				CLANG_ENABLE_MODULES = YES;
				CLANG_ENABLE_OBJC_ARC = YES;
				CLANG_ENABLE_OBJC_WEAK = YES;
				CLANG_WARN_BLOCK_CAPTURE_AUTORELEASING = YES;
				CLANG_WARN_BOOL_CONVERSION = YES;
				CLANG_WARN_COMMA = YES;
				CLANG_WARN_CONSTANT_CONVERSION = YES;
				CLANG_WARN_DEPRECATED_OBJC_IMPLEMENTATIONS = YES;
				CLANG_WARN_DIRECT_OBJC_ISA_USAGE = YES_ERROR;
				CLANG_WARN_DOCUMENTATION_COMMENTS = YES;
				CLANG_WARN_EMPTY_BODY = YES;
				CLANG_WARN_ENUM_CONVERSION = YES;
				CLANG_WARN_INFINITE_RECURSION = YES;
				CLANG_WARN_INT_CONVERSION = YES;
				CLANG_WARN_NON_LITERAL_NULL_CONVERSION = YES;
				CLANG_WARN_OBJC_IMPLICIT_RETAIN_SELF = YES;
				CLANG_WARN_OBJC_LITERAL_CONVERSION = YES;
				CLANG_WARN_OBJC_ROOT_CLASS = YES_ERROR;
				CLANG_WARN_RANGE_LOOP_ANALYSIS = YES;
				CLANG_WARN_STRICT_PROTOTYPES = YES;
				CLANG_WARN_SUSPICIOUS_MOVE = YES;
				CLANG_WARN_UNGUARDED_AVAILABILITY = YES_AGGRESSIVE;
				CLANG_WARN_UNREACHABLE_CODE = YES;
				CLANG_WARN__DUPLICATE_METHOD_MATCH = YES;
				COPY_PHASE_STRIP = NO;
				DEBUG_INFORMATION_FORMAT = "dwarf-with-dsym";
				ENABLE_NS_ASSERTIONS = NO;
				ENABLE_STRICT_OBJC_MSGSEND = YES;
				GCC_C_LANGUAGE_STANDARD = gnu11;
				GCC_NO_COMMON_BLOCKS = YES;
				GCC_WARN_64_TO_32_BIT_CONVERSION = YES;
				GCC_WARN_ABOUT_RETURN_TYPE = YES_ERROR;
				GCC_WARN_UNDECLARED_SELECTOR = YES;
				GCC_WARN_UNINITIALIZED_AUTOS = YES_AGGRESSIVE;
				GCC_WARN_UNUSED_FUNCTION = YES;
				GCC_WARN_UNUSED_VARIABLE = YES;
				IPHONEOS_DEPLOYMENT_TARGET = 13.1;
				MTL_ENABLE_DEBUG_INFO = NO;
				MTL_FAST_MATH = YES;
				SDKROOT = iphoneos;
				SWIFT_COMPILATION_MODE = wholemodule;
				SWIFT_OPTIMIZATION_LEVEL = "-O";
				VALIDATE_PRODUCT = YES;
			};
			name = Release;
		};
		2C053C1823FB158900D85FF5 /* Debug */ = {
			isa = XCBuildConfiguration;
			baseConfigurationReference = 35A25BDFBEC0AFB8FCF216DA /* Pods-ToDO.debug.xcconfig */;
			buildSettings = {
				ASSETCATALOG_COMPILER_APPICON_NAME = AppIcon;
				CODE_SIGN_STYLE = Automatic;
				DEVELOPMENT_TEAM = K9N82GAG49;
				INFOPLIST_FILE = ToDO/Info.plist;
				LD_RUNPATH_SEARCH_PATHS = (
					"$(inherited)",
					"@executable_path/Frameworks",
				);
				PRODUCT_BUNDLE_IDENTIFIER = "Ivan-Abramov.ToDO";
				PRODUCT_NAME = "$(TARGET_NAME)";
				SWIFT_VERSION = 5.0;
				TARGETED_DEVICE_FAMILY = "1,2";
			};
			name = Debug;
		};
		2C053C1923FB158900D85FF5 /* Release */ = {
			isa = XCBuildConfiguration;
			baseConfigurationReference = 29FBB9ABD2562775629CA6DE /* Pods-ToDO.release.xcconfig */;
			buildSettings = {
				ASSETCATALOG_COMPILER_APPICON_NAME = AppIcon;
				CODE_SIGN_STYLE = Automatic;
				DEVELOPMENT_TEAM = K9N82GAG49;
				INFOPLIST_FILE = ToDO/Info.plist;
				LD_RUNPATH_SEARCH_PATHS = (
					"$(inherited)",
					"@executable_path/Frameworks",
				);
				PRODUCT_BUNDLE_IDENTIFIER = "Ivan-Abramov.ToDO";
				PRODUCT_NAME = "$(TARGET_NAME)";
				SWIFT_VERSION = 5.0;
				TARGETED_DEVICE_FAMILY = "1,2";
			};
			name = Release;
		};
/* End XCBuildConfiguration section */

/* Begin XCConfigurationList section */
		2C053BFE23FB158600D85FF5 /* Build configuration list for PBXProject "ToDo" */ = {
			isa = XCConfigurationList;
			buildConfigurations = (
				2C053C1523FB158900D85FF5 /* Debug */,
				2C053C1623FB158900D85FF5 /* Release */,
			);
			defaultConfigurationIsVisible = 0;
			defaultConfigurationName = Release;
		};
		2C053C1723FB158900D85FF5 /* Build configuration list for PBXNativeTarget "ToDo" */ = {
			isa = XCConfigurationList;
			buildConfigurations = (
				2C053C1823FB158900D85FF5 /* Debug */,
				2C053C1923FB158900D85FF5 /* Release */,
			);
			defaultConfigurationIsVisible = 0;
			defaultConfigurationName = Release;
		};
/* End XCConfigurationList section */

/* Begin XCRemoteSwiftPackageReference section */
		2C539125242D2D960092FACE /* XCRemoteSwiftPackageReference "Swift-SMTP" */ = {
			isa = XCRemoteSwiftPackageReference;
			repositoryURL = "https://github.com/IBM-Swift/Swift-SMTP";
			requirement = {
				kind = upToNextMajorVersion;
				minimumVersion = 5.1.2;
			};
		};
/* End XCRemoteSwiftPackageReference section */

/* Begin XCSwiftPackageProductDependency section */
		2C539126242D2D960092FACE /* SwiftSMTP */ = {
			isa = XCSwiftPackageProductDependency;
			package = 2C539125242D2D960092FACE /* XCRemoteSwiftPackageReference "Swift-SMTP" */;
			productName = SwiftSMTP;
		};
/* End XCSwiftPackageProductDependency section */
	};
	rootObject = 2C053BFB23FB158600D85FF5 /* Project object */;
}
